
Microsoft Visual Studio Solution File, Format Version 12.00
# Visual Studio Version 17
VisualStudioVersion = 17.3.32922.545
MinimumVisualStudioVersion = 10.0.40219.1
Project("{FAE04EC0-301F-11D3-BF4B-00C04F79EFBC}") = "donguler-while-foreach", "donguler-while-foreach\donguler-while-foreach.csproj", "{C722BC96-F3FA-449D-AD50-A350DA7DB825}"
EndProject
Global
	GlobalSection(SolutionConfigurationPlatforms) = preSolution
		Debug|Any CPU = Debug|Any CPU
		Release|Any CPU = Release|Any CPU
	EndGlobalSection
	GlobalSection(ProjectConfigurationPlatforms) = postSolution
		{C722BC96-F3FA-449D-AD50-A350DA7DB825}.Debug|Any CPU.ActiveCfg = Debug|Any CPU
		{C722BC96-F3FA-449D-AD50-A350DA7DB825}.Debug|Any CPU.Build.0 = Debug|Any CPU
		{C722BC96-F3FA-449D-AD50-A350DA7DB825}.Release|Any CPU.ActiveCfg = Release|Any CPU
		{C722BC96-F3FA-449D-AD50-A350DA7DB825}.Release|Any CPU.Build.0 = Release|Any CPU
	EndGlobalSection
	GlobalSection(SolutionProperties) = preSolution
		HideSolutionNode = FALSE
	EndGlobalSection
	GlobalSection(ExtensibilityGlobals) = postSolution
		SolutionGuid = {909C724E-F56E-4F1E-9469-5484BCC0F7AC}
	EndGlobalSection
EndGlobal
