
Microsoft Visual Studio Solution File, Format Version 12.00
# Visual Studio Version 17
VisualStudioVersion = 17.3.32922.545
MinimumVisualStudioVersion = 10.0.40219.1
Project("{FAE04EC0-301F-11D3-BF4B-00C04F79EFBC}") = "switch-case", "switch-case\switch-case.csproj", "{34FA8E33-30A9-41B3-B882-A9531432DA92}"
EndProject
Global
	GlobalSection(SolutionConfigurationPlatforms) = preSolution
		Debug|Any CPU = Debug|Any CPU
		Release|Any CPU = Release|Any CPU
	EndGlobalSection
	GlobalSection(ProjectConfigurationPlatforms) = postSolution
		{34FA8E33-30A9-41B3-B882-A9531432DA92}.Debug|Any CPU.ActiveCfg = Debug|Any CPU
		{34FA8E33-30A9-41B3-B882-A9531432DA92}.Debug|Any CPU.Build.0 = Debug|Any CPU
		{34FA8E33-30A9-41B3-B882-A9531432DA92}.Release|Any CPU.ActiveCfg = Release|Any CPU
		{34FA8E33-30A9-41B3-B882-A9531432DA92}.Release|Any CPU.Build.0 = Release|Any CPU
	EndGlobalSection
	GlobalSection(SolutionProperties) = preSolution
		HideSolutionNode = FALSE
	EndGlobalSection
	GlobalSection(ExtensibilityGlobals) = postSolution
		SolutionGuid = {41729C92-BAA7-4C1C-9191-1109400C4413}
	EndGlobalSection
EndGlobal
