
Microsoft Visual Studio Solution File, Format Version 12.00
# Visual Studio Version 17
VisualStudioVersion = 17.3.32922.545
MinimumVisualStudioVersion = 10.0.40219.1
Project("{FAE04EC0-301F-11D3-BF4B-00C04F79EFBC}") = "console-prog", "console-prog\console-prog.csproj", "{F9AB67CD-103D-46F7-8F18-004849D79CEF}"
EndProject
Global
	GlobalSection(SolutionConfigurationPlatforms) = preSolution
		Debug|Any CPU = Debug|Any CPU
		Release|Any CPU = Release|Any CPU
	EndGlobalSection
	GlobalSection(ProjectConfigurationPlatforms) = postSolution
		{F9AB67CD-103D-46F7-8F18-004849D79CEF}.Debug|Any CPU.ActiveCfg = Debug|Any CPU
		{F9AB67CD-103D-46F7-8F18-004849D79CEF}.Debug|Any CPU.Build.0 = Debug|Any CPU
		{F9AB67CD-103D-46F7-8F18-004849D79CEF}.Release|Any CPU.ActiveCfg = Release|Any CPU
		{F9AB67CD-103D-46F7-8F18-004849D79CEF}.Release|Any CPU.Build.0 = Release|Any CPU
	EndGlobalSection
	GlobalSection(SolutionProperties) = preSolution
		HideSolutionNode = FALSE
	EndGlobalSection
	GlobalSection(ExtensibilityGlobals) = postSolution
		SolutionGuid = {EEFB2B18-D63F-416F-8208-8F7F6DECE1FB}
	EndGlobalSection
EndGlobal
