
Microsoft Visual Studio Solution File, Format Version 12.00
# Visual Studio Version 17
VisualStudioVersion = 17.3.32922.545
MinimumVisualStudioVersion = 10.0.40219.1
Project("{FAE04EC0-301F-11D3-BF4B-00C04F79EFBC}") = "Metotlar-overloading", "Metotlar-overloading\Metotlar-overloading.csproj", "{C2D461AA-93BA-4214-BC10-6765AF324D47}"
EndProject
Global
	GlobalSection(SolutionConfigurationPlatforms) = preSolution
		Debug|Any CPU = Debug|Any CPU
		Release|Any CPU = Release|Any CPU
	EndGlobalSection
	GlobalSection(ProjectConfigurationPlatforms) = postSolution
		{C2D461AA-93BA-4214-BC10-6765AF324D47}.Debug|Any CPU.ActiveCfg = Debug|Any CPU
		{C2D461AA-93BA-4214-BC10-6765AF324D47}.Debug|Any CPU.Build.0 = Debug|Any CPU
		{C2D461AA-93BA-4214-BC10-6765AF324D47}.Release|Any CPU.ActiveCfg = Release|Any CPU
		{C2D461AA-93BA-4214-BC10-6765AF324D47}.Release|Any CPU.Build.0 = Release|Any CPU
	EndGlobalSection
	GlobalSection(SolutionProperties) = preSolution
		HideSolutionNode = FALSE
	EndGlobalSection
	GlobalSection(ExtensibilityGlobals) = postSolution
		SolutionGuid = {09BCE808-DC98-4D0F-BB92-7389DEBAEE76}
	EndGlobalSection
EndGlobal
