
Microsoft Visual Studio Solution File, Format Version 12.00
# Visual Studio Version 17
VisualStudioVersion = 17.3.32922.545
MinimumVisualStudioVersion = 10.0.40219.1
Project("{FAE04EC0-301F-11D3-BF4B-00C04F79EFBC}") = "generic_List", "generic_List\generic_List.csproj", "{42728908-14AE-436D-8A63-24E880D773B8}"
EndProject
Global
	GlobalSection(SolutionConfigurationPlatforms) = preSolution
		Debug|Any CPU = Debug|Any CPU
		Release|Any CPU = Release|Any CPU
	EndGlobalSection
	GlobalSection(ProjectConfigurationPlatforms) = postSolution
		{42728908-14AE-436D-8A63-24E880D773B8}.Debug|Any CPU.ActiveCfg = Debug|Any CPU
		{42728908-14AE-436D-8A63-24E880D773B8}.Debug|Any CPU.Build.0 = Debug|Any CPU
		{42728908-14AE-436D-8A63-24E880D773B8}.Release|Any CPU.ActiveCfg = Release|Any CPU
		{42728908-14AE-436D-8A63-24E880D773B8}.Release|Any CPU.Build.0 = Release|Any CPU
	EndGlobalSection
	GlobalSection(SolutionProperties) = preSolution
		HideSolutionNode = FALSE
	EndGlobalSection
	GlobalSection(ExtensibilityGlobals) = postSolution
		SolutionGuid = {A01D34D1-27D5-4A31-A357-5AE787D97C01}
	EndGlobalSection
EndGlobal
